// !$*UTF8*$!
{
	archiveVersion = 1;
	classes = {
	};
	objectVersion = 46;
	objects = {

/* Begin PBXBuildFile section */
		C20091721D750FA6003682D9 /* SessionDetailViewController.m in Sources */ = {isa = PBXBuildFile; fileRef = C20091711D750FA6003682D9 /* SessionDetailViewController.m */; };
		C200919F1D75473B003682D9 /* session.m in Sources */ = {isa = PBXBuildFile; fileRef = C245D3DC1D56925E0047D2FD /* session.m */; };
		C22625CD1D864BB70013398C /* OnboardingContentViewController.m in Sources */ = {isa = PBXBuildFile; fileRef = C22625CA1D864BB70013398C /* OnboardingContentViewController.m */; };
		C22625CF1D864BB70013398C /* OnboardingViewController.m in Sources */ = {isa = PBXBuildFile; fileRef = C22625CC1D864BB70013398C /* OnboardingViewController.m */; };
		C22EFCA91D82518500A64D3B /* SleepSession.m in Sources */ = {isa = PBXBuildFile; fileRef = C22EFCA81D82518500A64D3B /* SleepSession.m */; };
		C22EFCAA1D82518500A64D3B /* SleepSession.m in Sources */ = {isa = PBXBuildFile; fileRef = C22EFCA81D82518500A64D3B /* SleepSession.m */; };
		C2391DEC1D35D92C00808835 /* Utility.m in Sources */ = {isa = PBXBuildFile; fileRef = C2391DEB1D35D92C00808835 /* Utility.m */; };
		C2391DED1D35D92C00808835 /* Utility.m in Sources */ = {isa = PBXBuildFile; fileRef = C2391DEB1D35D92C00808835 /* Utility.m */; };
		C243C1541C57D32400DB8803 /* main.m in Sources */ = {isa = PBXBuildFile; fileRef = C243C1531C57D32400DB8803 /* main.m */; };
		C243C1571C57D32400DB8803 /* AppDelegate.m in Sources */ = {isa = PBXBuildFile; fileRef = C243C1561C57D32400DB8803 /* AppDelegate.m */; };
		C243C15D1C57D32400DB8803 /* Main.storyboard in Resources */ = {isa = PBXBuildFile; fileRef = C243C15B1C57D32400DB8803 /* Main.storyboard */; };
		C243C15F1C57D32400DB8803 /* Assets.xcassets in Resources */ = {isa = PBXBuildFile; fileRef = C243C15E1C57D32400DB8803 /* Assets.xcassets */; };
		C243C1621C57D32400DB8803 /* LaunchScreen.storyboard in Resources */ = {isa = PBXBuildFile; fileRef = C243C1601C57D32400DB8803 /* LaunchScreen.storyboard */; };
		C243C1671C57D32400DB8803 /* HealthKitObjCPoC WatchKit App.app in Embed Watch Content */ = {isa = PBXBuildFile; fileRef = C243C1661C57D32400DB8803 /* HealthKitObjCPoC WatchKit App.app */; };
		C243C16D1C57D32400DB8803 /* Interface.storyboard in Resources */ = {isa = PBXBuildFile; fileRef = C243C16B1C57D32400DB8803 /* Interface.storyboard */; };
		C243C16F1C57D32400DB8803 /* Assets.xcassets in Resources */ = {isa = PBXBuildFile; fileRef = C243C16E1C57D32400DB8803 /* Assets.xcassets */; };
		C243C1761C57D32400DB8803 /* HealthKitObjCPoC WatchKit Extension.appex in Embed App Extensions */ = {isa = PBXBuildFile; fileRef = C243C1751C57D32400DB8803 /* HealthKitObjCPoC WatchKit Extension.appex */; settings = {ATTRIBUTES = (RemoveHeadersOnCopy, ); }; };
		C243C17C1C57D32400DB8803 /* InterfaceController.m in Sources */ = {isa = PBXBuildFile; fileRef = C243C17B1C57D32400DB8803 /* InterfaceController.m */; };
		C243C17F1C57D32400DB8803 /* ExtensionDelegate.m in Sources */ = {isa = PBXBuildFile; fileRef = C243C17E1C57D32400DB8803 /* ExtensionDelegate.m */; };
		C243C1811C57D32400DB8803 /* Assets.xcassets in Resources */ = {isa = PBXBuildFile; fileRef = C243C1801C57D32400DB8803 /* Assets.xcassets */; };
		C243C1911C57D34800DB8803 /* HealthKit.framework in Frameworks */ = {isa = PBXBuildFile; fileRef = C243C1901C57D34800DB8803 /* HealthKit.framework */; };
		C245D3DD1D56925E0047D2FD /* session.m in Sources */ = {isa = PBXBuildFile; fileRef = C245D3DC1D56925E0047D2FD /* session.m */; };
		C2508E571C582A5B00900AC1 /* Health.plist in Resources */ = {isa = PBXBuildFile; fileRef = C2508E561C582A5B00900AC1 /* Health.plist */; };
		C2508E581C582A5B00900AC1 /* Health.plist in Resources */ = {isa = PBXBuildFile; fileRef = C2508E561C582A5B00900AC1 /* Health.plist */; };
		C2AA52DF1D83AB7600584AF4 /* Constants.m in Sources */ = {isa = PBXBuildFile; fileRef = C2AA52DE1D83AB7600584AF4 /* Constants.m */; };
		C2AA52E01D83AB7600584AF4 /* Constants.m in Sources */ = {isa = PBXBuildFile; fileRef = C2AA52DE1D83AB7600584AF4 /* Constants.m */; };
		C2AB02131D5652430051CFCF /* coreData.xcdatamodeld in Sources */ = {isa = PBXBuildFile; fileRef = C2AB02111D5652430051CFCF /* coreData.xcdatamodeld */; };
		C2BA05E11D2FEC1800438CC7 /* InterfaceControllerSleep.m in Sources */ = {isa = PBXBuildFile; fileRef = C2BA05E01D2FEC1800438CC7 /* InterfaceControllerSleep.m */; };
		C2BBAAA31D6FCCC0000ACD2B /* SessionsTableViewController.m in Sources */ = {isa = PBXBuildFile; fileRef = C2BBAAA21D6FCCC0000ACD2B /* SessionsTableViewController.m */; };
		C2CCCF1D1D7E2C84004C82F8 /* SleepSessionTableViewCell.m in Sources */ = {isa = PBXBuildFile; fileRef = C2CCCF1C1D7E2C84004C82F8 /* SleepSessionTableViewCell.m */; };
		C2FB86511D31D0B900FCC143 /* SleepMilestoneInterfaceController.m in Sources */ = {isa = PBXBuildFile; fileRef = C2FB86501D31D0B900FCC143 /* SleepMilestoneInterfaceController.m */; };
		C2FB86521D31D0B900FCC143 /* SleepMilestoneInterfaceController.m in Sources */ = {isa = PBXBuildFile; fileRef = C2FB86501D31D0B900FCC143 /* SleepMilestoneInterfaceController.m */; };
		C2FB86561D31D93800FCC143 /* MilestoneRowController.m in Sources */ = {isa = PBXBuildFile; fileRef = C2FB86541D31D93800FCC143 /* MilestoneRowController.m */; };
		C2FFFCF11D71313500BF3B6C /* CoreData.framework in Frameworks */ = {isa = PBXBuildFile; fileRef = C2FFFCF01D71313500BF3B6C /* CoreData.framework */; };
/* End PBXBuildFile section */

/* Begin PBXContainerItemProxy section */
		C243C1681C57D32400DB8803 /* PBXContainerItemProxy */ = {
			isa = PBXContainerItemProxy;
			containerPortal = C243C1471C57D32400DB8803 /* Project object */;
			proxyType = 1;
			remoteGlobalIDString = C243C1651C57D32400DB8803;
			remoteInfo = "HealthKitObjCPoC WatchKit App";
		};
		C243C1771C57D32400DB8803 /* PBXContainerItemProxy */ = {
			isa = PBXContainerItemProxy;
			containerPortal = C243C1471C57D32400DB8803 /* Project object */;
			proxyType = 1;
			remoteGlobalIDString = C243C1741C57D32400DB8803;
			remoteInfo = "HealthKitObjCPoC WatchKit Extension";
		};
/* End PBXContainerItemProxy section */

/* Begin PBXCopyFilesBuildPhase section */
		C243C1881C57D32400DB8803 /* Embed App Extensions */ = {
			isa = PBXCopyFilesBuildPhase;
			buildActionMask = 2147483647;
			dstPath = "";
			dstSubfolderSpec = 13;
			files = (
				C243C1761C57D32400DB8803 /* HealthKitObjCPoC WatchKit Extension.appex in Embed App Extensions */,
			);
			name = "Embed App Extensions";
			runOnlyForDeploymentPostprocessing = 0;
		};
		C243C18C1C57D32400DB8803 /* Embed Watch Content */ = {
			isa = PBXCopyFilesBuildPhase;
			buildActionMask = 2147483647;
			dstPath = "$(CONTENTS_FOLDER_PATH)/Watch";
			dstSubfolderSpec = 16;
			files = (
				C243C1671C57D32400DB8803 /* HealthKitObjCPoC WatchKit App.app in Embed Watch Content */,
			);
			name = "Embed Watch Content";
			runOnlyForDeploymentPostprocessing = 0;
		};
/* End PBXCopyFilesBuildPhase section */

/* Begin PBXFileReference section */
		C20091701D750FA6003682D9 /* SessionDetailViewController.h */ = {isa = PBXFileReference; fileEncoding = 4; lastKnownFileType = sourcecode.c.h; path = SessionDetailViewController.h; sourceTree = "<group>"; };
		C20091711D750FA6003682D9 /* SessionDetailViewController.m */ = {isa = PBXFileReference; fileEncoding = 4; lastKnownFileType = sourcecode.c.objc; path = SessionDetailViewController.m; sourceTree = "<group>"; };
		C22625C81D864BB60013398C /* OnboardingContentViewController_Private.h */ = {isa = PBXFileReference; fileEncoding = 4; lastKnownFileType = sourcecode.c.h; path = OnboardingContentViewController_Private.h; sourceTree = "<group>"; };
		C22625C91D864BB70013398C /* OnboardingContentViewController.h */ = {isa = PBXFileReference; fileEncoding = 4; lastKnownFileType = sourcecode.c.h; path = OnboardingContentViewController.h; sourceTree = "<group>"; };
		C22625CA1D864BB70013398C /* OnboardingContentViewController.m */ = {isa = PBXFileReference; fileEncoding = 4; lastKnownFileType = sourcecode.c.objc; path = OnboardingContentViewController.m; sourceTree = "<group>"; };
		C22625CB1D864BB70013398C /* OnboardingViewController.h */ = {isa = PBXFileReference; fileEncoding = 4; lastKnownFileType = sourcecode.c.h; path = OnboardingViewController.h; sourceTree = "<group>"; };
		C22625CC1D864BB70013398C /* OnboardingViewController.m */ = {isa = PBXFileReference; fileEncoding = 4; lastKnownFileType = sourcecode.c.objc; path = OnboardingViewController.m; sourceTree = "<group>"; };
		C22EFCA71D82518500A64D3B /* SleepSession.h */ = {isa = PBXFileReference; fileEncoding = 4; lastKnownFileType = sourcecode.c.h; path = SleepSession.h; sourceTree = "<group>"; };
		C22EFCA81D82518500A64D3B /* SleepSession.m */ = {isa = PBXFileReference; fileEncoding = 4; lastKnownFileType = sourcecode.c.objc; path = SleepSession.m; sourceTree = "<group>"; };
		C22F3B0A1D331B7900FE6F9B /* HealthKitObjCPoC WatchKit App.entitlements */ = {isa = PBXFileReference; lastKnownFileType = text.xml; path = "HealthKitObjCPoC WatchKit App.entitlements"; sourceTree = "<group>"; };
		C2391DEA1D35D92C00808835 /* Utility.h */ = {isa = PBXFileReference; fileEncoding = 4; lastKnownFileType = sourcecode.c.h; path = Utility.h; sourceTree = "<group>"; };
		C2391DEB1D35D92C00808835 /* Utility.m */ = {isa = PBXFileReference; fileEncoding = 4; lastKnownFileType = sourcecode.c.objc; path = Utility.m; sourceTree = "<group>"; };
		C243C14F1C57D32400DB8803 /* HealthKitObjCPoC.app */ = {isa = PBXFileReference; explicitFileType = wrapper.application; includeInIndex = 0; path = HealthKitObjCPoC.app; sourceTree = BUILT_PRODUCTS_DIR; };
		C243C1531C57D32400DB8803 /* main.m */ = {isa = PBXFileReference; lastKnownFileType = sourcecode.c.objc; path = main.m; sourceTree = "<group>"; };
		C243C1551C57D32400DB8803 /* AppDelegate.h */ = {isa = PBXFileReference; lastKnownFileType = sourcecode.c.h; path = AppDelegate.h; sourceTree = "<group>"; };
		C243C1561C57D32400DB8803 /* AppDelegate.m */ = {isa = PBXFileReference; lastKnownFileType = sourcecode.c.objc; path = AppDelegate.m; sourceTree = "<group>"; };
		C243C15C1C57D32400DB8803 /* Base */ = {isa = PBXFileReference; lastKnownFileType = file.storyboard; name = Base; path = Base.lproj/Main.storyboard; sourceTree = "<group>"; };
		C243C15E1C57D32400DB8803 /* Assets.xcassets */ = {isa = PBXFileReference; lastKnownFileType = folder.assetcatalog; path = Assets.xcassets; sourceTree = "<group>"; };
		C243C1611C57D32400DB8803 /* Base */ = {isa = PBXFileReference; lastKnownFileType = file.storyboard; name = Base; path = Base.lproj/LaunchScreen.storyboard; sourceTree = "<group>"; };
		C243C1631C57D32400DB8803 /* Info.plist */ = {isa = PBXFileReference; lastKnownFileType = text.plist.xml; path = Info.plist; sourceTree = "<group>"; };
		C243C1661C57D32400DB8803 /* HealthKitObjCPoC WatchKit App.app */ = {isa = PBXFileReference; explicitFileType = wrapper.application; includeInIndex = 0; path = "HealthKitObjCPoC WatchKit App.app"; sourceTree = BUILT_PRODUCTS_DIR; };
		C243C16C1C57D32400DB8803 /* Base */ = {isa = PBXFileReference; lastKnownFileType = file.storyboard; name = Base; path = Base.lproj/Interface.storyboard; sourceTree = "<group>"; };
		C243C16E1C57D32400DB8803 /* Assets.xcassets */ = {isa = PBXFileReference; lastKnownFileType = folder.assetcatalog; path = Assets.xcassets; sourceTree = "<group>"; };
		C243C1701C57D32400DB8803 /* Info.plist */ = {isa = PBXFileReference; lastKnownFileType = text.plist.xml; path = Info.plist; sourceTree = "<group>"; };
		C243C1751C57D32400DB8803 /* HealthKitObjCPoC WatchKit Extension.appex */ = {isa = PBXFileReference; explicitFileType = "wrapper.app-extension"; includeInIndex = 0; path = "HealthKitObjCPoC WatchKit Extension.appex"; sourceTree = BUILT_PRODUCTS_DIR; };
		C243C17A1C57D32400DB8803 /* InterfaceController.h */ = {isa = PBXFileReference; lastKnownFileType = sourcecode.c.h; path = InterfaceController.h; sourceTree = "<group>"; };
		C243C17B1C57D32400DB8803 /* InterfaceController.m */ = {isa = PBXFileReference; lastKnownFileType = sourcecode.c.objc; path = InterfaceController.m; sourceTree = "<group>"; };
		C243C17D1C57D32400DB8803 /* ExtensionDelegate.h */ = {isa = PBXFileReference; lastKnownFileType = sourcecode.c.h; path = ExtensionDelegate.h; sourceTree = "<group>"; };
		C243C17E1C57D32400DB8803 /* ExtensionDelegate.m */ = {isa = PBXFileReference; lastKnownFileType = sourcecode.c.objc; path = ExtensionDelegate.m; sourceTree = "<group>"; };
		C243C1801C57D32400DB8803 /* Assets.xcassets */ = {isa = PBXFileReference; lastKnownFileType = folder.assetcatalog; path = Assets.xcassets; sourceTree = "<group>"; };
		C243C1821C57D32400DB8803 /* Info.plist */ = {isa = PBXFileReference; lastKnownFileType = text.plist.xml; path = Info.plist; sourceTree = "<group>"; };
		C243C1901C57D34800DB8803 /* HealthKit.framework */ = {isa = PBXFileReference; lastKnownFileType = wrapper.framework; name = HealthKit.framework; path = System/Library/Frameworks/HealthKit.framework; sourceTree = SDKROOT; };
		C243C1921C57D34800DB8803 /* HealthKitObjCPoC.entitlements */ = {isa = PBXFileReference; lastKnownFileType = text.xml; path = HealthKitObjCPoC.entitlements; sourceTree = "<group>"; };
		C243C1931C57D35900DB8803 /* HealthKitObjCPoC WatchKit Extension.entitlements */ = {isa = PBXFileReference; lastKnownFileType = text.xml; path = "HealthKitObjCPoC WatchKit Extension.entitlements"; sourceTree = "<group>"; };
		C245D3DB1D56925E0047D2FD /* session.h */ = {isa = PBXFileReference; fileEncoding = 4; lastKnownFileType = sourcecode.c.h; path = session.h; sourceTree = "<group>"; };
		C245D3DC1D56925E0047D2FD /* session.m */ = {isa = PBXFileReference; fileEncoding = 4; lastKnownFileType = sourcecode.c.objc; path = session.m; sourceTree = "<group>"; };
		C2508E561C582A5B00900AC1 /* Health.plist */ = {isa = PBXFileReference; fileEncoding = 4; lastKnownFileType = text.plist.xml; path = Health.plist; sourceTree = "<group>"; };
		C2AA52DD1D83AB7600584AF4 /* Constants.h */ = {isa = PBXFileReference; fileEncoding = 4; lastKnownFileType = sourcecode.c.h; path = Constants.h; sourceTree = "<group>"; };
		C2AA52DE1D83AB7600584AF4 /* Constants.m */ = {isa = PBXFileReference; fileEncoding = 4; lastKnownFileType = sourcecode.c.objc; path = Constants.m; sourceTree = "<group>"; };
		C2AB02121D5652430051CFCF /* coreData.xcdatamodel */ = {isa = PBXFileReference; lastKnownFileType = wrapper.xcdatamodel; path = coreData.xcdatamodel; sourceTree = "<group>"; };
		C2BA05DF1D2FEC1800438CC7 /* InterfaceControllerSleep.h */ = {isa = PBXFileReference; fileEncoding = 4; lastKnownFileType = sourcecode.c.h; path = InterfaceControllerSleep.h; sourceTree = "<group>"; };
		C2BA05E01D2FEC1800438CC7 /* InterfaceControllerSleep.m */ = {isa = PBXFileReference; fileEncoding = 4; lastKnownFileType = sourcecode.c.objc; path = InterfaceControllerSleep.m; sourceTree = "<group>"; };
		C2BBAAA11D6FCCC0000ACD2B /* SessionsTableViewController.h */ = {isa = PBXFileReference; fileEncoding = 4; lastKnownFileType = sourcecode.c.h; path = SessionsTableViewController.h; sourceTree = "<group>"; };
		C2BBAAA21D6FCCC0000ACD2B /* SessionsTableViewController.m */ = {isa = PBXFileReference; fileEncoding = 4; lastKnownFileType = sourcecode.c.objc; path = SessionsTableViewController.m; sourceTree = "<group>"; };
		C2CCCF1B1D7E2C84004C82F8 /* SleepSessionTableViewCell.h */ = {isa = PBXFileReference; fileEncoding = 4; lastKnownFileType = sourcecode.c.h; name = SleepSessionTableViewCell.h; path = TableViewCellSubviews/SleepSessionTableViewCell.h; sourceTree = "<group>"; };
		C2CCCF1C1D7E2C84004C82F8 /* SleepSessionTableViewCell.m */ = {isa = PBXFileReference; fileEncoding = 4; lastKnownFileType = sourcecode.c.objc; name = SleepSessionTableViewCell.m; path = TableViewCellSubviews/SleepSessionTableViewCell.m; sourceTree = "<group>"; };
		C2FB864F1D31D0B900FCC143 /* SleepMilestoneInterfaceController.h */ = {isa = PBXFileReference; fileEncoding = 4; lastKnownFileType = sourcecode.c.h; path = SleepMilestoneInterfaceController.h; sourceTree = "<group>"; };
		C2FB86501D31D0B900FCC143 /* SleepMilestoneInterfaceController.m */ = {isa = PBXFileReference; fileEncoding = 4; lastKnownFileType = sourcecode.c.objc; path = SleepMilestoneInterfaceController.m; sourceTree = "<group>"; };
		C2FB86531D31D93800FCC143 /* MilestoneRowController.h */ = {isa = PBXFileReference; fileEncoding = 4; lastKnownFileType = sourcecode.c.h; name = MilestoneRowController.h; path = "HealthKitObjCPoC WatchKit Extension/MilestoneRowController.h"; sourceTree = SOURCE_ROOT; };
		C2FB86541D31D93800FCC143 /* MilestoneRowController.m */ = {isa = PBXFileReference; fileEncoding = 4; lastKnownFileType = sourcecode.c.objc; name = MilestoneRowController.m; path = "HealthKitObjCPoC WatchKit Extension/MilestoneRowController.m"; sourceTree = SOURCE_ROOT; };
		C2FFFCF01D71313500BF3B6C /* CoreData.framework */ = {isa = PBXFileReference; lastKnownFileType = wrapper.framework; name = CoreData.framework; path = System/Library/Frameworks/CoreData.framework; sourceTree = SDKROOT; };
/* End PBXFileReference section */

/* Begin PBXFrameworksBuildPhase section */
		C243C14C1C57D32400DB8803 /* Frameworks */ = {
			isa = PBXFrameworksBuildPhase;
			buildActionMask = 2147483647;
			files = (
				C2FFFCF11D71313500BF3B6C /* CoreData.framework in Frameworks */,
				C243C1911C57D34800DB8803 /* HealthKit.framework in Frameworks */,
			);
			runOnlyForDeploymentPostprocessing = 0;
		};
		C243C1721C57D32400DB8803 /* Frameworks */ = {
			isa = PBXFrameworksBuildPhase;
			buildActionMask = 2147483647;
			files = (
			);
			runOnlyForDeploymentPostprocessing = 0;
		};
/* End PBXFrameworksBuildPhase section */

/* Begin PBXGroup section */
		C22625D11D864BC10013398C /* On Boarding */ = {
			isa = PBXGroup;
			children = (
				C22625C81D864BB60013398C /* OnboardingContentViewController_Private.h */,
				C22625C91D864BB70013398C /* OnboardingContentViewController.h */,
				C22625CA1D864BB70013398C /* OnboardingContentViewController.m */,
				C22625CB1D864BB70013398C /* OnboardingViewController.h */,
				C22625CC1D864BB70013398C /* OnboardingViewController.m */,
			);
			name = "On Boarding";
			path = "HealthKitObjCPoC WatchKit Extension";
			sourceTree = "<group>";
		};
		C2391DE91D35D8E900808835 /* Utilities */ = {
			isa = PBXGroup;
			children = (
				C2391DEA1D35D92C00808835 /* Utility.h */,
				C2391DEB1D35D92C00808835 /* Utility.m */,
				C2AA52DD1D83AB7600584AF4 /* Constants.h */,
				C2AA52DE1D83AB7600584AF4 /* Constants.m */,
			);
			name = Utilities;
			path = "HealthKitObjCPoC WatchKit App";
			sourceTree = "<group>";
		};
		C243C1461C57D32400DB8803 = {
			isa = PBXGroup;
			children = (
				C22EFCA71D82518500A64D3B /* SleepSession.h */,
				C22EFCA81D82518500A64D3B /* SleepSession.m */,
				C2AB02111D5652430051CFCF /* coreData.xcdatamodeld */,
				C245D3DB1D56925E0047D2FD /* session.h */,
				C245D3DC1D56925E0047D2FD /* session.m */,
				C243C1901C57D34800DB8803 /* HealthKit.framework */,
				C243C1511C57D32400DB8803 /* HealthKitObjCPoC */,
				C243C16A1C57D32400DB8803 /* HealthKitObjCPoC WatchKit App */,
				C243C1791C57D32400DB8803 /* HealthKitObjCPoC WatchKit Extension */,
				C243C1501C57D32400DB8803 /* Products */,
				C22625D11D864BC10013398C /* On Boarding */,
				C2391DE91D35D8E900808835 /* Utilities */,
				C2FFFCEF1D71313400BF3B6C /* Frameworks */,
			);
			sourceTree = "<group>";
		};
		C243C1501C57D32400DB8803 /* Products */ = {
			isa = PBXGroup;
			children = (
				C243C14F1C57D32400DB8803 /* HealthKitObjCPoC.app */,
				C243C1661C57D32400DB8803 /* HealthKitObjCPoC WatchKit App.app */,
				C243C1751C57D32400DB8803 /* HealthKitObjCPoC WatchKit Extension.appex */,
			);
			name = Products;
			sourceTree = "<group>";
		};
		C243C1511C57D32400DB8803 /* HealthKitObjCPoC */ = {
			isa = PBXGroup;
			children = (
				C2CCCF1B1D7E2C84004C82F8 /* SleepSessionTableViewCell.h */,
				C2CCCF1C1D7E2C84004C82F8 /* SleepSessionTableViewCell.m */,
				C243C1921C57D34800DB8803 /* HealthKitObjCPoC.entitlements */,
				C243C1551C57D32400DB8803 /* AppDelegate.h */,
				C243C1561C57D32400DB8803 /* AppDelegate.m */,
				C243C15B1C57D32400DB8803 /* Main.storyboard */,
				C2BBAAA11D6FCCC0000ACD2B /* SessionsTableViewController.h */,
				C2BBAAA21D6FCCC0000ACD2B /* SessionsTableViewController.m */,
				C20091701D750FA6003682D9 /* SessionDetailViewController.h */,
				C20091711D750FA6003682D9 /* SessionDetailViewController.m */,
				C243C15E1C57D32400DB8803 /* Assets.xcassets */,
				C243C1601C57D32400DB8803 /* LaunchScreen.storyboard */,
				C243C1631C57D32400DB8803 /* Info.plist */,
				C243C1521C57D32400DB8803 /* Supporting Files */,
			);
			path = HealthKitObjCPoC;
			sourceTree = "<group>";
		};
		C243C1521C57D32400DB8803 /* Supporting Files */ = {
			isa = PBXGroup;
			children = (
				C243C1531C57D32400DB8803 /* main.m */,
			);
			name = "Supporting Files";
			sourceTree = "<group>";
		};
		C243C16A1C57D32400DB8803 /* HealthKitObjCPoC WatchKit App */ = {
			isa = PBXGroup;
			children = (
				C22F3B0A1D331B7900FE6F9B /* HealthKitObjCPoC WatchKit App.entitlements */,
				C243C16B1C57D32400DB8803 /* Interface.storyboard */,
				C243C16E1C57D32400DB8803 /* Assets.xcassets */,
				C243C1701C57D32400DB8803 /* Info.plist */,
				C2508E561C582A5B00900AC1 /* Health.plist */,
			);
			path = "HealthKitObjCPoC WatchKit App";
			sourceTree = "<group>";
		};
		C243C1791C57D32400DB8803 /* HealthKitObjCPoC WatchKit Extension */ = {
			isa = PBXGroup;
			children = (
				C243C1931C57D35900DB8803 /* HealthKitObjCPoC WatchKit Extension.entitlements */,
				C2FB86531D31D93800FCC143 /* MilestoneRowController.h */,
				C2FB86541D31D93800FCC143 /* MilestoneRowController.m */,
				C2FB864F1D31D0B900FCC143 /* SleepMilestoneInterfaceController.h */,
				C2FB86501D31D0B900FCC143 /* SleepMilestoneInterfaceController.m */,
				C243C17A1C57D32400DB8803 /* InterfaceController.h */,
				C243C17B1C57D32400DB8803 /* InterfaceController.m */,
				C2BA05DF1D2FEC1800438CC7 /* InterfaceControllerSleep.h */,
				C2BA05E01D2FEC1800438CC7 /* InterfaceControllerSleep.m */,
				C243C17D1C57D32400DB8803 /* ExtensionDelegate.h */,
				C243C17E1C57D32400DB8803 /* ExtensionDelegate.m */,
				C243C1801C57D32400DB8803 /* Assets.xcassets */,
				C243C1821C57D32400DB8803 /* Info.plist */,
			);
			path = "HealthKitObjCPoC WatchKit Extension";
			sourceTree = "<group>";
		};
		C2FFFCEF1D71313400BF3B6C /* Frameworks */ = {
			isa = PBXGroup;
			children = (
				C2FFFCF01D71313500BF3B6C /* CoreData.framework */,
			);
			name = Frameworks;
			sourceTree = "<group>";
		};
/* End PBXGroup section */

/* Begin PBXNativeTarget section */
		C243C14E1C57D32400DB8803 /* HealthKitObjCPoC */ = {
			isa = PBXNativeTarget;
			buildConfigurationList = C243C18D1C57D32400DB8803 /* Build configuration list for PBXNativeTarget "HealthKitObjCPoC" */;
			buildPhases = (
				C243C14B1C57D32400DB8803 /* Sources */,
				C243C14C1C57D32400DB8803 /* Frameworks */,
				C243C14D1C57D32400DB8803 /* Resources */,
				C243C18C1C57D32400DB8803 /* Embed Watch Content */,
				C2ABC9771D371FFA0064917F /* Increment Build */,
			);
			buildRules = (
			);
			dependencies = (
				C243C1691C57D32400DB8803 /* PBXTargetDependency */,
			);
			name = HealthKitObjCPoC;
			productName = HealthKitObjCPoC;
			productReference = C243C14F1C57D32400DB8803 /* HealthKitObjCPoC.app */;
			productType = "com.apple.product-type.application";
		};
		C243C1651C57D32400DB8803 /* HealthKitObjCPoC WatchKit App */ = {
			isa = PBXNativeTarget;
			buildConfigurationList = C243C1891C57D32400DB8803 /* Build configuration list for PBXNativeTarget "HealthKitObjCPoC WatchKit App" */;
			buildPhases = (
				C243C1641C57D32400DB8803 /* Resources */,
				C243C1881C57D32400DB8803 /* Embed App Extensions */,
			);
			buildRules = (
			);
			dependencies = (
				C243C1781C57D32400DB8803 /* PBXTargetDependency */,
			);
			name = "HealthKitObjCPoC WatchKit App";
			productName = "HealthKitObjCPoC WatchKit App";
			productReference = C243C1661C57D32400DB8803 /* HealthKitObjCPoC WatchKit App.app */;
			productType = "com.apple.product-type.application.watchapp2";
		};
		C243C1741C57D32400DB8803 /* HealthKitObjCPoC WatchKit Extension */ = {
			isa = PBXNativeTarget;
			buildConfigurationList = C243C1851C57D32400DB8803 /* Build configuration list for PBXNativeTarget "HealthKitObjCPoC WatchKit Extension" */;
			buildPhases = (
				C243C1711C57D32400DB8803 /* Sources */,
				C243C1721C57D32400DB8803 /* Frameworks */,
				C243C1731C57D32400DB8803 /* Resources */,
			);
			buildRules = (
			);
			dependencies = (
			);
			name = "HealthKitObjCPoC WatchKit Extension";
			productName = "HealthKitObjCPoC WatchKit Extension";
			productReference = C243C1751C57D32400DB8803 /* HealthKitObjCPoC WatchKit Extension.appex */;
			productType = "com.apple.product-type.watchkit2-extension";
		};
/* End PBXNativeTarget section */

/* Begin PBXProject section */
		C243C1471C57D32400DB8803 /* Project object */ = {
			isa = PBXProject;
			attributes = {
				LastUpgradeCheck = 0800;
				ORGANIZATIONNAME = "Sean Petykowski";
				TargetAttributes = {
					C243C14E1C57D32400DB8803 = {
						CreatedOnToolsVersion = 7.2;
						DevelopmentTeam = FQHZ7Y2XXC;
						SystemCapabilities = {
							com.apple.ApplicationGroups.iOS = {
								enabled = 1;
							};
							com.apple.HealthKit = {
								enabled = 1;
							};
						};
					};
					C243C1651C57D32400DB8803 = {
						CreatedOnToolsVersion = 7.2;
						DevelopmentTeam = FQHZ7Y2XXC;
						DevelopmentTeamName = "Sean Petykowski";
						SystemCapabilities = {
							com.apple.ApplicationGroups.iOS = {
								enabled = 1;
							};
						};
					};
					C243C1741C57D32400DB8803 = {
						CreatedOnToolsVersion = 7.2;
						DevelopmentTeam = FQHZ7Y2XXC;
						SystemCapabilities = {
							com.apple.ApplicationGroups.iOS = {
								enabled = 1;
							};
							com.apple.HealthKit = {
								enabled = 1;
							};
						};
					};
				};
			};
			buildConfigurationList = C243C14A1C57D32400DB8803 /* Build configuration list for PBXProject "HealthKitObjCPoC" */;
			compatibilityVersion = "Xcode 3.2";
			developmentRegion = English;
			hasScannedForEncodings = 0;
			knownRegions = (
				en,
				Base,
			);
			mainGroup = C243C1461C57D32400DB8803;
			productRefGroup = C243C1501C57D32400DB8803 /* Products */;
			projectDirPath = "";
			projectRoot = "";
			targets = (
				C243C14E1C57D32400DB8803 /* HealthKitObjCPoC */,
				C243C1651C57D32400DB8803 /* HealthKitObjCPoC WatchKit App */,
				C243C1741C57D32400DB8803 /* HealthKitObjCPoC WatchKit Extension */,
			);
		};
/* End PBXProject section */

/* Begin PBXResourcesBuildPhase section */
		C243C14D1C57D32400DB8803 /* Resources */ = {
			isa = PBXResourcesBuildPhase;
			buildActionMask = 2147483647;
			files = (
				C243C1621C57D32400DB8803 /* LaunchScreen.storyboard in Resources */,
				C243C15F1C57D32400DB8803 /* Assets.xcassets in Resources */,
				C243C15D1C57D32400DB8803 /* Main.storyboard in Resources */,
			);
			runOnlyForDeploymentPostprocessing = 0;
		};
		C243C1641C57D32400DB8803 /* Resources */ = {
			isa = PBXResourcesBuildPhase;
			buildActionMask = 2147483647;
			files = (
				C2508E571C582A5B00900AC1 /* Health.plist in Resources */,
				C243C16F1C57D32400DB8803 /* Assets.xcassets in Resources */,
				C243C16D1C57D32400DB8803 /* Interface.storyboard in Resources */,
			);
			runOnlyForDeploymentPostprocessing = 0;
		};
		C243C1731C57D32400DB8803 /* Resources */ = {
			isa = PBXResourcesBuildPhase;
			buildActionMask = 2147483647;
			files = (
				C2508E581C582A5B00900AC1 /* Health.plist in Resources */,
				C243C1811C57D32400DB8803 /* Assets.xcassets in Resources */,
			);
			runOnlyForDeploymentPostprocessing = 0;
		};
/* End PBXResourcesBuildPhase section */

/* Begin PBXShellScriptBuildPhase section */
		C2ABC9771D371FFA0064917F /* Increment Build */ = {
			isa = PBXShellScriptBuildPhase;
			buildActionMask = 2147483647;
			files = (
			);
			inputPaths = (
			);
			name = "Increment Build";
			outputPaths = (
			);
			runOnlyForDeploymentPostprocessing = 0;
			shellPath = /bin/sh;
			shellScript = "buildNumber=$(/usr/libexec/PlistBuddy -c \"Print CFBundleVersion\" \"${PROJECT_DIR}/${INFOPLIST_FILE}\")\nbuildNumber=$(($buildNumber + 1))\n/usr/libexec/PlistBuddy -c \"Set :CFBundleVersion $buildNumber\" \"${PROJECT_DIR}/${INFOPLIST_FILE}\"\n/usr/libexec/PlistBuddy -c \"Set :CFBundleVersion $buildNumber\" \"$SRCROOT/HealthKitObjCPoC WatchKit Extension/Info.plist\"\n/usr/libexec/PlistBuddy -c \"Set :CFBundleVersion $buildNumber\" \"$SRCROOT/HealthKitObjCPoC WatchKit App/Info.plist\"";
		};
/* End PBXShellScriptBuildPhase section */

/* Begin PBXSourcesBuildPhase section */
		C243C14B1C57D32400DB8803 /* Sources */ = {
			isa = PBXSourcesBuildPhase;
			buildActionMask = 2147483647;
			files = (
				C2AA52DF1D83AB7600584AF4 /* Constants.m in Sources */,
				C2CCCF1D1D7E2C84004C82F8 /* SleepSessionTableViewCell.m in Sources */,
				C245D3DD1D56925E0047D2FD /* session.m in Sources */,
				C22625CD1D864BB70013398C /* OnboardingContentViewController.m in Sources */,
				C2FB86511D31D0B900FCC143 /* SleepMilestoneInterfaceController.m in Sources */,
				C22625CF1D864BB70013398C /* OnboardingViewController.m in Sources */,
				C20091721D750FA6003682D9 /* SessionDetailViewController.m in Sources */,
				C2391DEC1D35D92C00808835 /* Utility.m in Sources */,
				C2BBAAA31D6FCCC0000ACD2B /* SessionsTableViewController.m in Sources */,
				C22EFCA91D82518500A64D3B /* SleepSession.m in Sources */,
				C243C1571C57D32400DB8803 /* AppDelegate.m in Sources */,
				C243C1541C57D32400DB8803 /* main.m in Sources */,
				C2AB02131D5652430051CFCF /* coreData.xcdatamodeld in Sources */,
			);
			runOnlyForDeploymentPostprocessing = 0;
		};
		C243C1711C57D32400DB8803 /* Sources */ = {
			isa = PBXSourcesBuildPhase;
			buildActionMask = 2147483647;
			files = (
				C2FB86521D31D0B900FCC143 /* SleepMilestoneInterfaceController.m in Sources */,
				C243C17F1C57D32400DB8803 /* ExtensionDelegate.m in Sources */,
				C243C17C1C57D32400DB8803 /* InterfaceController.m in Sources */,
				C200919F1D75473B003682D9 /* session.m in Sources */,
				C2BA05E11D2FEC1800438CC7 /* InterfaceControllerSleep.m in Sources */,
				C2391DED1D35D92C00808835 /* Utility.m in Sources */,
				C22EFCAA1D82518500A64D3B /* SleepSession.m in Sources */,
				C2FB86561D31D93800FCC143 /* MilestoneRowController.m in Sources */,
				C2AA52E01D83AB7600584AF4 /* Constants.m in Sources */,
			);
			runOnlyForDeploymentPostprocessing = 0;
		};
/* End PBXSourcesBuildPhase section */

/* Begin PBXTargetDependency section */
		C243C1691C57D32400DB8803 /* PBXTargetDependency */ = {
			isa = PBXTargetDependency;
			target = C243C1651C57D32400DB8803 /* HealthKitObjCPoC WatchKit App */;
			targetProxy = C243C1681C57D32400DB8803 /* PBXContainerItemProxy */;
		};
		C243C1781C57D32400DB8803 /* PBXTargetDependency */ = {
			isa = PBXTargetDependency;
			target = C243C1741C57D32400DB8803 /* HealthKitObjCPoC WatchKit Extension */;
			targetProxy = C243C1771C57D32400DB8803 /* PBXContainerItemProxy */;
		};
/* End PBXTargetDependency section */

/* Begin PBXVariantGroup section */
		C243C15B1C57D32400DB8803 /* Main.storyboard */ = {
			isa = PBXVariantGroup;
			children = (
				C243C15C1C57D32400DB8803 /* Base */,
			);
			name = Main.storyboard;
			sourceTree = "<group>";
		};
		C243C1601C57D32400DB8803 /* LaunchScreen.storyboard */ = {
			isa = PBXVariantGroup;
			children = (
				C243C1611C57D32400DB8803 /* Base */,
			);
			name = LaunchScreen.storyboard;
			sourceTree = "<group>";
		};
		C243C16B1C57D32400DB8803 /* Interface.storyboard */ = {
			isa = PBXVariantGroup;
			children = (
				C243C16C1C57D32400DB8803 /* Base */,
			);
			name = Interface.storyboard;
			sourceTree = "<group>";
		};
/* End PBXVariantGroup section */

/* Begin XCBuildConfiguration section */
		C243C1831C57D32400DB8803 /* Debug */ = {
			isa = XCBuildConfiguration;
			buildSettings = {
				ALWAYS_SEARCH_USER_PATHS = NO;
				CLANG_CXX_LANGUAGE_STANDARD = "gnu++0x";
				CLANG_CXX_LIBRARY = "libc++";
				CLANG_ENABLE_MODULES = YES;
				CLANG_ENABLE_OBJC_ARC = YES;
				CLANG_WARN_BOOL_CONVERSION = YES;
				CLANG_WARN_CONSTANT_CONVERSION = YES;
				CLANG_WARN_DIRECT_OBJC_ISA_USAGE = YES_ERROR;
				CLANG_WARN_EMPTY_BODY = YES;
				CLANG_WARN_ENUM_CONVERSION = YES;
				CLANG_WARN_INFINITE_RECURSION = YES;
				CLANG_WARN_INT_CONVERSION = YES;
				CLANG_WARN_OBJC_ROOT_CLASS = YES_ERROR;
				CLANG_WARN_SUSPICIOUS_MOVE = YES;
				CLANG_WARN_UNREACHABLE_CODE = YES;
				CLANG_WARN__DUPLICATE_METHOD_MATCH = YES;
				"CODE_SIGN_IDENTITY[sdk=iphoneos*]" = "iPhone Developer";
				COPY_PHASE_STRIP = NO;
				DEBUG_INFORMATION_FORMAT = dwarf;
				ENABLE_STRICT_OBJC_MSGSEND = YES;
				ENABLE_TESTABILITY = YES;
				GCC_C_LANGUAGE_STANDARD = gnu99;
				GCC_DYNAMIC_NO_PIC = NO;
				GCC_NO_COMMON_BLOCKS = YES;
				GCC_OPTIMIZATION_LEVEL = 0;
				GCC_PREPROCESSOR_DEFINITIONS = (
					"DEBUG=1",
					"$(inherited)",
				);
				GCC_WARN_64_TO_32_BIT_CONVERSION = YES;
				GCC_WARN_ABOUT_RETURN_TYPE = YES_ERROR;
				GCC_WARN_UNDECLARED_SELECTOR = YES;
				GCC_WARN_UNINITIALIZED_AUTOS = YES_AGGRESSIVE;
				GCC_WARN_UNUSED_FUNCTION = YES;
				GCC_WARN_UNUSED_VARIABLE = YES;
				IPHONEOS_DEPLOYMENT_TARGET = 10.0;
				MTL_ENABLE_DEBUG_INFO = YES;
				ONLY_ACTIVE_ARCH = YES;
				SDKROOT = iphoneos;
			};
			name = Debug;
		};
		C243C1841C57D32400DB8803 /* Release */ = {
			isa = XCBuildConfiguration;
			buildSettings = {
				ALWAYS_SEARCH_USER_PATHS = NO;
				CLANG_CXX_LANGUAGE_STANDARD = "gnu++0x";
				CLANG_CXX_LIBRARY = "libc++";
				CLANG_ENABLE_MODULES = YES;
				CLANG_ENABLE_OBJC_ARC = YES;
				CLANG_WARN_BOOL_CONVERSION = YES;
				CLANG_WARN_CONSTANT_CONVERSION = YES;
				CLANG_WARN_DIRECT_OBJC_ISA_USAGE = YES_ERROR;
				CLANG_WARN_EMPTY_BODY = YES;
				CLANG_WARN_ENUM_CONVERSION = YES;
				CLANG_WARN_INFINITE_RECURSION = YES;
				CLANG_WARN_INT_CONVERSION = YES;
				CLANG_WARN_OBJC_ROOT_CLASS = YES_ERROR;
				CLANG_WARN_SUSPICIOUS_MOVE = YES;
				CLANG_WARN_UNREACHABLE_CODE = YES;
				CLANG_WARN__DUPLICATE_METHOD_MATCH = YES;
				"CODE_SIGN_IDENTITY[sdk=iphoneos*]" = "iPhone Developer";
				COPY_PHASE_STRIP = NO;
				DEBUG_INFORMATION_FORMAT = "dwarf-with-dsym";
				ENABLE_NS_ASSERTIONS = NO;
				ENABLE_STRICT_OBJC_MSGSEND = YES;
				GCC_C_LANGUAGE_STANDARD = gnu99;
				GCC_NO_COMMON_BLOCKS = YES;
				GCC_WARN_64_TO_32_BIT_CONVERSION = YES;
				GCC_WARN_ABOUT_RETURN_TYPE = YES_ERROR;
				GCC_WARN_UNDECLARED_SELECTOR = YES;
				GCC_WARN_UNINITIALIZED_AUTOS = YES_AGGRESSIVE;
				GCC_WARN_UNUSED_FUNCTION = YES;
				GCC_WARN_UNUSED_VARIABLE = YES;
				IPHONEOS_DEPLOYMENT_TARGET = 10.0;
				MTL_ENABLE_DEBUG_INFO = NO;
				SDKROOT = iphoneos;
				VALIDATE_PRODUCT = YES;
			};
			name = Release;
		};
		C243C1861C57D32400DB8803 /* Debug */ = {
			isa = XCBuildConfiguration;
			buildSettings = {
				CODE_SIGN_ENTITLEMENTS = "HealthKitObjCPoC WatchKit Extension/HealthKitObjCPoC WatchKit Extension.entitlements";
				CODE_SIGN_IDENTITY = "iPhone Developer";
				"CODE_SIGN_IDENTITY[sdk=watchos*]" = "iPhone Developer";
				INFOPLIST_FILE = "HealthKitObjCPoC WatchKit Extension/Info.plist";
				LD_RUNPATH_SEARCH_PATHS = "$(inherited) @executable_path/Frameworks @executable_path/../../Frameworks";
				PRODUCT_BUNDLE_IDENTIFIER = com.seanpetykowski.SleepyApp.watchkitapp.watchkitextension;
				PRODUCT_NAME = "${TARGET_NAME}";
				PROVISIONING_PROFILE = "";
				SDKROOT = watchos;
				SKIP_INSTALL = YES;
				TARGETED_DEVICE_FAMILY = 4;
				WATCHOS_DEPLOYMENT_TARGET = 2.1;
			};
			name = Debug;
		};
		C243C1871C57D32400DB8803 /* Release */ = {
			isa = XCBuildConfiguration;
			buildSettings = {
				CODE_SIGN_ENTITLEMENTS = "HealthKitObjCPoC WatchKit Extension/HealthKitObjCPoC WatchKit Extension.entitlements";
				CODE_SIGN_IDENTITY = "iPhone Developer";
				"CODE_SIGN_IDENTITY[sdk=watchos*]" = "iPhone Developer";
				INFOPLIST_FILE = "HealthKitObjCPoC WatchKit Extension/Info.plist";
				LD_RUNPATH_SEARCH_PATHS = "$(inherited) @executable_path/Frameworks @executable_path/../../Frameworks";
				PRODUCT_BUNDLE_IDENTIFIER = com.seanpetykowski.SleepyApp.watchkitapp.watchkitextension;
				PRODUCT_NAME = "${TARGET_NAME}";
				PROVISIONING_PROFILE = "";
				SDKROOT = watchos;
				SKIP_INSTALL = YES;
				TARGETED_DEVICE_FAMILY = 4;
				WATCHOS_DEPLOYMENT_TARGET = 2.1;
			};
			name = Release;
		};
		C243C18A1C57D32400DB8803 /* Debug */ = {
			isa = XCBuildConfiguration;
			buildSettings = {
				ASSETCATALOG_COMPILER_APPICON_NAME = AppIcon;
				CODE_SIGN_ENTITLEMENTS = "HealthKitObjCPoC WatchKit App/HealthKitObjCPoC WatchKit App.entitlements";
				IBSC_MODULE = HealthKitObjCPoC_WatchKit_Extension;
				INFOPLIST_FILE = "HealthKitObjCPoC WatchKit App/Info.plist";
				PRODUCT_BUNDLE_IDENTIFIER = com.seanpetykowski.SleepyApp.watchkitapp;
				PRODUCT_NAME = "$(TARGET_NAME)";
				SDKROOT = watchos;
				SKIP_INSTALL = YES;
				TARGETED_DEVICE_FAMILY = 4;
				WATCHOS_DEPLOYMENT_TARGET = 2.1;
			};
			name = Debug;
		};
		C243C18B1C57D32400DB8803 /* Release */ = {
			isa = XCBuildConfiguration;
			buildSettings = {
				ASSETCATALOG_COMPILER_APPICON_NAME = AppIcon;
				CODE_SIGN_ENTITLEMENTS = "HealthKitObjCPoC WatchKit App/HealthKitObjCPoC WatchKit App.entitlements";
				IBSC_MODULE = HealthKitObjCPoC_WatchKit_Extension;
				INFOPLIST_FILE = "HealthKitObjCPoC WatchKit App/Info.plist";
				PRODUCT_BUNDLE_IDENTIFIER = com.seanpetykowski.SleepyApp.watchkitapp;
				PRODUCT_NAME = "$(TARGET_NAME)";
				SDKROOT = watchos;
				SKIP_INSTALL = YES;
				TARGETED_DEVICE_FAMILY = 4;
				WATCHOS_DEPLOYMENT_TARGET = 2.1;
			};
			name = Release;
		};
		C243C18E1C57D32400DB8803 /* Debug */ = {
			isa = XCBuildConfiguration;
			buildSettings = {
				ASSETCATALOG_COMPILER_APPICON_NAME = AppIcon;
				CODE_SIGN_ENTITLEMENTS = HealthKitObjCPoC/HealthKitObjCPoC.entitlements;
				CODE_SIGN_IDENTITY = "iPhone Developer";
				"CODE_SIGN_IDENTITY[sdk=iphoneos*]" = "iPhone Developer";
				INFOPLIST_FILE = HealthKitObjCPoC/Info.plist;
				LD_RUNPATH_SEARCH_PATHS = "$(inherited) @executable_path/Frameworks";
				PRODUCT_BUNDLE_IDENTIFIER = com.seanpetykowski.SleepyApp;
				PRODUCT_NAME = "$(TARGET_NAME)";
				PROVISIONING_PROFILE = "";
			};
			name = Debug;
		};
		C243C18F1C57D32400DB8803 /* Release */ = {
			isa = XCBuildConfiguration;
			buildSettings = {
				ASSETCATALOG_COMPILER_APPICON_NAME = AppIcon;
				CODE_SIGN_ENTITLEMENTS = HealthKitObjCPoC/HealthKitObjCPoC.entitlements;
				CODE_SIGN_IDENTITY = "iPhone Developer";
				"CODE_SIGN_IDENTITY[sdk=iphoneos*]" = "iPhone Developer";
				INFOPLIST_FILE = HealthKitObjCPoC/Info.plist;
				LD_RUNPATH_SEARCH_PATHS = "$(inherited) @executable_path/Frameworks";
				PRODUCT_BUNDLE_IDENTIFIER = com.seanpetykowski.SleepyApp;
				PRODUCT_NAME = "$(TARGET_NAME)";
				PROVISIONING_PROFILE = "";
			};
			name = Release;
		};
/* End XCBuildConfiguration section */

/* Begin XCConfigurationList section */
		C243C14A1C57D32400DB8803 /* Build configuration list for PBXProject "HealthKitObjCPoC" */ = {
			isa = XCConfigurationList;
			buildConfigurations = (
				C243C1831C57D32400DB8803 /* Debug */,
				C243C1841C57D32400DB8803 /* Release */,
			);
			defaultConfigurationIsVisible = 0;
			defaultConfigurationName = Release;
		};
		C243C1851C57D32400DB8803 /* Build configuration list for PBXNativeTarget "HealthKitObjCPoC WatchKit Extension" */ = {
			isa = XCConfigurationList;
			buildConfigurations = (
				C243C1861C57D32400DB8803 /* Debug */,
				C243C1871C57D32400DB8803 /* Release */,
			);
			defaultConfigurationIsVisible = 0;
			defaultConfigurationName = Release;
		};
		C243C1891C57D32400DB8803 /* Build configuration list for PBXNativeTarget "HealthKitObjCPoC WatchKit App" */ = {
			isa = XCConfigurationList;
			buildConfigurations = (
				C243C18A1C57D32400DB8803 /* Debug */,
				C243C18B1C57D32400DB8803 /* Release */,
			);
			defaultConfigurationIsVisible = 0;
			defaultConfigurationName = Release;
		};
		C243C18D1C57D32400DB8803 /* Build configuration list for PBXNativeTarget "HealthKitObjCPoC" */ = {
			isa = XCConfigurationList;
			buildConfigurations = (
				C243C18E1C57D32400DB8803 /* Debug */,
				C243C18F1C57D32400DB8803 /* Release */,
			);
			defaultConfigurationIsVisible = 0;
			defaultConfigurationName = Release;
		};
/* End XCConfigurationList section */

/* Begin XCVersionGroup section */
		C2AB02111D5652430051CFCF /* coreData.xcdatamodeld */ = {
			isa = XCVersionGroup;
			children = (
				C2AB02121D5652430051CFCF /* coreData.xcdatamodel */,
			);
			currentVersion = C2AB02121D5652430051CFCF /* coreData.xcdatamodel */;
			path = coreData.xcdatamodeld;
			sourceTree = "<group>";
			versionGroupType = wrapper.xcdatamodel;
		};
/* End XCVersionGroup section */
	};
	rootObject = C243C1471C57D32400DB8803 /* Project object */;
}
